// !$*UTF8*$!
{
	archiveVersion = 1;
	classes = {
	};
	objectVersion = 46;
	objects = {

/* Begin PBXBuildFile section */
		FA03052F1C650540002D45A0 /* Gist.swift in Sources */ = {isa = PBXBuildFile; fileRef = FA03052E1C650540002D45A0 /* Gist.swift */; };
		FA0412851C61EE4800F5CE01 /* DetailWebViewController.swift in Sources */ = {isa = PBXBuildFile; fileRef = FA0412841C61EE4800F5CE01 /* DetailWebViewController.swift */; };
		FA0412871C61EE7F00F5CE01 /* DetailWebView.storyboard in Resources */ = {isa = PBXBuildFile; fileRef = FA0412861C61EE7F00F5CE01 /* DetailWebView.storyboard */; };
		FA06CFE11C5E3D6000C6341F /* RepositoryTableViewCell.swift in Sources */ = {isa = PBXBuildFile; fileRef = FA06CFE01C5E3D6000C6341F /* RepositoryTableViewCell.swift */; };
		FA0D3BDF1C5F211D002C0307 /* HomeViewController.swift in Sources */ = {isa = PBXBuildFile; fileRef = FA0D3BDE1C5F211D002C0307 /* HomeViewController.swift */; };
		FA0D3BE11C5F2168002C0307 /* FeedViewController.swift in Sources */ = {isa = PBXBuildFile; fileRef = FA0D3BE01C5F2168002C0307 /* FeedViewController.swift */; };
		FA0D3BE31C5F2193002C0307 /* GistListViewController.swift in Sources */ = {isa = PBXBuildFile; fileRef = FA0D3BE21C5F2193002C0307 /* GistListViewController.swift */; };
		FA17F9CC1C65BA8900D7741E /* GistCell.swift in Sources */ = {isa = PBXBuildFile; fileRef = FA17F9CB1C65BA8900D7741E /* GistCell.swift */; };
		FA210BBC1C672E160016F589 /* DetailNavigationController.swift in Sources */ = {isa = PBXBuildFile; fileRef = FA210BBB1C672E160016F589 /* DetailNavigationController.swift */; };
		FA210BBE1C672F820016F589 /* Animator.swift in Sources */ = {isa = PBXBuildFile; fileRef = FA210BBD1C672F820016F589 /* Animator.swift */; };
		FA210BC01C6744F00016F589 /* UIColor.swift in Sources */ = {isa = PBXBuildFile; fileRef = FA210BBF1C6744F00016F589 /* UIColor.swift */; };
		FA2F411A1C69AD3E007971B7 /* GistsViewController.swift in Sources */ = {isa = PBXBuildFile; fileRef = FA2F41191C69AD3E007971B7 /* GistsViewController.swift */; };
		FA3C4E8E1C68192E00919956 /* MyPageViewController.swift in Sources */ = {isa = PBXBuildFile; fileRef = FA3C4E8D1C68192E00919956 /* MyPageViewController.swift */; };
		FA3C4E901C68194A00919956 /* MyPage.storyboard in Resources */ = {isa = PBXBuildFile; fileRef = FA3C4E8F1C68194A00919956 /* MyPage.storyboard */; };
		FA54B1B71C5A120C00D37363 /* AppDelegate.swift in Sources */ = {isa = PBXBuildFile; fileRef = FA54B1B61C5A120C00D37363 /* AppDelegate.swift */; };
		FA54B1B91C5A120C00D37363 /* RepositoryListViewController.swift in Sources */ = {isa = PBXBuildFile; fileRef = FA54B1B81C5A120C00D37363 /* RepositoryListViewController.swift */; };
		FA54B1BC1C5A120C00D37363 /* RepositoryList.storyboard in Resources */ = {isa = PBXBuildFile; fileRef = FA54B1BA1C5A120C00D37363 /* RepositoryList.storyboard */; };
		FA54B1BE1C5A120C00D37363 /* Assets.xcassets in Resources */ = {isa = PBXBuildFile; fileRef = FA54B1BD1C5A120C00D37363 /* Assets.xcassets */; };
		FA54B1C11C5A120C00D37363 /* LaunchScreen.storyboard in Resources */ = {isa = PBXBuildFile; fileRef = FA54B1BF1C5A120C00D37363 /* LaunchScreen.storyboard */; };
		FA54B1CC1C5A120C00D37363 /* githublarinTests.swift in Sources */ = {isa = PBXBuildFile; fileRef = FA54B1CB1C5A120C00D37363 /* githublarinTests.swift */; };
		FA6BD2F41E912D0D00C27B64 /* Alamofire.framework in Frameworks */ = {isa = PBXBuildFile; fileRef = FA6BD2EE1E912D0D00C27B64 /* Alamofire.framework */; };
		FA6BD2F51E912D0D00C27B64 /* Gloss.framework in Frameworks */ = {isa = PBXBuildFile; fileRef = FA6BD2EF1E912D0D00C27B64 /* Gloss.framework */; };
		FA6BD2F61E912D0D00C27B64 /* Realm.framework in Frameworks */ = {isa = PBXBuildFile; fileRef = FA6BD2F01E912D0D00C27B64 /* Realm.framework */; };
		FA6BD2F71E912D0D00C27B64 /* RealmSwift.framework in Frameworks */ = {isa = PBXBuildFile; fileRef = FA6BD2F11E912D0D00C27B64 /* RealmSwift.framework */; };
		FA6BD2F81E912D0D00C27B64 /* RxCocoa.framework in Frameworks */ = {isa = PBXBuildFile; fileRef = FA6BD2F21E912D0D00C27B64 /* RxCocoa.framework */; };
		FA6BD2F91E912D0D00C27B64 /* RxSwift.framework in Frameworks */ = {isa = PBXBuildFile; fileRef = FA6BD2F31E912D0D00C27B64 /* RxSwift.framework */; };
		FA90FDC21D18445100ACA9B1 /* Shakable.swift in Sources */ = {isa = PBXBuildFile; fileRef = FA90FDC11D18445100ACA9B1 /* Shakable.swift */; };
		FA90FDC41D1854F700ACA9B1 /* FeedCell.xib in Resources */ = {isa = PBXBuildFile; fileRef = FA90FDC31D1854F700ACA9B1 /* FeedCell.xib */; };
		FA90FDC61D18552D00ACA9B1 /* UITableView+Extension.swift in Sources */ = {isa = PBXBuildFile; fileRef = FA90FDC51D18552D00ACA9B1 /* UITableView+Extension.swift */; };
		FA9309FE1C68175400A5B947 /* NotificationsViewController.swift in Sources */ = {isa = PBXBuildFile; fileRef = FA9309FD1C68175400A5B947 /* NotificationsViewController.swift */; };
		FA930A001C68177300A5B947 /* Notifications.storyboard in Resources */ = {isa = PBXBuildFile; fileRef = FA9309FF1C68177300A5B947 /* Notifications.storyboard */; };
		FAA79A661C649F080060E30C /* FeedParser.swift in Sources */ = {isa = PBXBuildFile; fileRef = FAA79A651C649F080060E30C /* FeedParser.swift */; };
		FAA79A681C64AC460060E30C /* Feed.swift in Sources */ = {isa = PBXBuildFile; fileRef = FAA79A671C64AC460060E30C /* Feed.swift */; };
		FAA79A6A1C64D7270060E30C /* FeedCell.swift in Sources */ = {isa = PBXBuildFile; fileRef = FAA79A691C64D7270060E30C /* FeedCell.swift */; };
		FAA79A6E1C64E9AA0060E30C /* FeedResponse.swift in Sources */ = {isa = PBXBuildFile; fileRef = FAA79A6D1C64E9AA0060E30C /* FeedResponse.swift */; };
		FAA79A721C64E9CC0060E30C /* GistList.storyboard in Resources */ = {isa = PBXBuildFile; fileRef = FAA79A711C64E9CC0060E30C /* GistList.storyboard */; };
		FAB24B211C62390E00F51394 /* LoginViewController.swift in Sources */ = {isa = PBXBuildFile; fileRef = FAB24B201C62390E00F51394 /* LoginViewController.swift */; };
		FAB24B241C624DFC00F51394 /* User.swift in Sources */ = {isa = PBXBuildFile; fileRef = FAB24B231C624DFB00F51394 /* User.swift */; };
		FAB24B261C62604200F51394 /* SessionManager.swift in Sources */ = {isa = PBXBuildFile; fileRef = FAB24B251C62604200F51394 /* SessionManager.swift */; };
		FAC4C7BC1E9528E00081BA9C /* Moya.framework in Frameworks */ = {isa = PBXBuildFile; fileRef = FAC4C7BA1E9528E00081BA9C /* Moya.framework */; };
		FAC4C7BD1E9528E00081BA9C /* RxMoya.framework in Frameworks */ = {isa = PBXBuildFile; fileRef = FAC4C7BB1E9528E00081BA9C /* RxMoya.framework */; };
		FAFF40841C5DF47F00DD760A /* GitHubApiClient.swift in Sources */ = {isa = PBXBuildFile; fileRef = FAFF40831C5DF47F00DD760A /* GitHubApiClient.swift */; };
		FAFF40861C5DF67500DD760A /* Repository.swift in Sources */ = {isa = PBXBuildFile; fileRef = FAFF40851C5DF67500DD760A /* Repository.swift */; };
		FAFF40881C5E06C200DD760A /* Dependencies.swift in Sources */ = {isa = PBXBuildFile; fileRef = FAFF40871C5E06C200DD760A /* Dependencies.swift */; };
/* End PBXBuildFile section */

/* Begin PBXContainerItemProxy section */
		FA54B1C81C5A120C00D37363 /* PBXContainerItemProxy */ = {
			isa = PBXContainerItemProxy;
			containerPortal = FA54B1AB1C5A120C00D37363 /* Project object */;
			proxyType = 1;
			remoteGlobalIDString = FA54B1B21C5A120C00D37363;
			remoteInfo = githublarin;
		};
/* End PBXContainerItemProxy section */

/* Begin PBXFileReference section */
		FA03052E1C650540002D45A0 /* Gist.swift */ = {isa = PBXFileReference; fileEncoding = 4; lastKnownFileType = sourcecode.swift; path = Gist.swift; sourceTree = "<group>"; };
		FA0412841C61EE4800F5CE01 /* DetailWebViewController.swift */ = {isa = PBXFileReference; fileEncoding = 4; lastKnownFileType = sourcecode.swift; path = DetailWebViewController.swift; sourceTree = "<group>"; };
		FA0412861C61EE7F00F5CE01 /* DetailWebView.storyboard */ = {isa = PBXFileReference; fileEncoding = 4; lastKnownFileType = file.storyboard; path = DetailWebView.storyboard; sourceTree = "<group>"; };
		FA06CFE01C5E3D6000C6341F /* RepositoryTableViewCell.swift */ = {isa = PBXFileReference; fileEncoding = 4; lastKnownFileType = sourcecode.swift; path = RepositoryTableViewCell.swift; sourceTree = "<group>"; };
		FA0D3BDE1C5F211D002C0307 /* HomeViewController.swift */ = {isa = PBXFileReference; fileEncoding = 4; lastKnownFileType = sourcecode.swift; path = HomeViewController.swift; sourceTree = "<group>"; };
		FA0D3BE01C5F2168002C0307 /* FeedViewController.swift */ = {isa = PBXFileReference; fileEncoding = 4; lastKnownFileType = sourcecode.swift; path = FeedViewController.swift; sourceTree = "<group>"; };
		FA0D3BE21C5F2193002C0307 /* GistListViewController.swift */ = {isa = PBXFileReference; fileEncoding = 4; lastKnownFileType = sourcecode.swift; path = GistListViewController.swift; sourceTree = "<group>"; };
		FA17F9CB1C65BA8900D7741E /* GistCell.swift */ = {isa = PBXFileReference; fileEncoding = 4; lastKnownFileType = sourcecode.swift; path = GistCell.swift; sourceTree = "<group>"; };
		FA210BBB1C672E160016F589 /* DetailNavigationController.swift */ = {isa = PBXFileReference; fileEncoding = 4; lastKnownFileType = sourcecode.swift; path = DetailNavigationController.swift; sourceTree = "<group>"; };
		FA210BBD1C672F820016F589 /* Animator.swift */ = {isa = PBXFileReference; fileEncoding = 4; lastKnownFileType = sourcecode.swift; path = Animator.swift; sourceTree = "<group>"; };
		FA210BBF1C6744F00016F589 /* UIColor.swift */ = {isa = PBXFileReference; fileEncoding = 4; lastKnownFileType = sourcecode.swift; path = UIColor.swift; sourceTree = "<group>"; };
		FA2F41191C69AD3E007971B7 /* GistsViewController.swift */ = {isa = PBXFileReference; fileEncoding = 4; lastKnownFileType = sourcecode.swift; path = GistsViewController.swift; sourceTree = "<group>"; };
		FA3C4E8D1C68192E00919956 /* MyPageViewController.swift */ = {isa = PBXFileReference; fileEncoding = 4; lastKnownFileType = sourcecode.swift; path = MyPageViewController.swift; sourceTree = "<group>"; };
		FA3C4E8F1C68194A00919956 /* MyPage.storyboard */ = {isa = PBXFileReference; fileEncoding = 4; lastKnownFileType = file.storyboard; path = MyPage.storyboard; sourceTree = "<group>"; };
		FA54B1B31C5A120C00D37363 /* githublarin.app */ = {isa = PBXFileReference; explicitFileType = wrapper.application; includeInIndex = 0; path = githublarin.app; sourceTree = BUILT_PRODUCTS_DIR; };
		FA54B1B61C5A120C00D37363 /* AppDelegate.swift */ = {isa = PBXFileReference; lastKnownFileType = sourcecode.swift; path = AppDelegate.swift; sourceTree = "<group>"; };
		FA54B1B81C5A120C00D37363 /* RepositoryListViewController.swift */ = {isa = PBXFileReference; lastKnownFileType = sourcecode.swift; path = RepositoryListViewController.swift; sourceTree = "<group>"; };
		FA54B1BB1C5A120C00D37363 /* Base */ = {isa = PBXFileReference; lastKnownFileType = file.storyboard; name = Base; path = Base.lproj/RepositoryList.storyboard; sourceTree = "<group>"; };
		FA54B1BD1C5A120C00D37363 /* Assets.xcassets */ = {isa = PBXFileReference; lastKnownFileType = folder.assetcatalog; path = Assets.xcassets; sourceTree = "<group>"; };
		FA54B1C01C5A120C00D37363 /* Base */ = {isa = PBXFileReference; lastKnownFileType = file.storyboard; name = Base; path = Base.lproj/LaunchScreen.storyboard; sourceTree = "<group>"; };
		FA54B1C21C5A120C00D37363 /* Info.plist */ = {isa = PBXFileReference; lastKnownFileType = text.plist.xml; path = Info.plist; sourceTree = "<group>"; };
		FA54B1C71C5A120C00D37363 /* githublarinTests.xctest */ = {isa = PBXFileReference; explicitFileType = wrapper.cfbundle; includeInIndex = 0; path = githublarinTests.xctest; sourceTree = BUILT_PRODUCTS_DIR; };
		FA54B1CB1C5A120C00D37363 /* githublarinTests.swift */ = {isa = PBXFileReference; lastKnownFileType = sourcecode.swift; path = githublarinTests.swift; sourceTree = "<group>"; };
		FA54B1CD1C5A120C00D37363 /* Info.plist */ = {isa = PBXFileReference; lastKnownFileType = text.plist.xml; path = Info.plist; sourceTree = "<group>"; };
		FA6BD2EE1E912D0D00C27B64 /* Alamofire.framework */ = {isa = PBXFileReference; lastKnownFileType = wrapper.framework; name = Alamofire.framework; path = Carthage/Build/iOS/Alamofire.framework; sourceTree = "<group>"; };
		FA6BD2EF1E912D0D00C27B64 /* Gloss.framework */ = {isa = PBXFileReference; lastKnownFileType = wrapper.framework; name = Gloss.framework; path = Carthage/Build/iOS/Gloss.framework; sourceTree = "<group>"; };
		FA6BD2F01E912D0D00C27B64 /* Realm.framework */ = {isa = PBXFileReference; lastKnownFileType = wrapper.framework; name = Realm.framework; path = Carthage/Build/iOS/Realm.framework; sourceTree = "<group>"; };
		FA6BD2F11E912D0D00C27B64 /* RealmSwift.framework */ = {isa = PBXFileReference; lastKnownFileType = wrapper.framework; name = RealmSwift.framework; path = Carthage/Build/iOS/RealmSwift.framework; sourceTree = "<group>"; };
		FA6BD2F21E912D0D00C27B64 /* RxCocoa.framework */ = {isa = PBXFileReference; lastKnownFileType = wrapper.framework; name = RxCocoa.framework; path = Carthage/Build/iOS/RxCocoa.framework; sourceTree = "<group>"; };
		FA6BD2F31E912D0D00C27B64 /* RxSwift.framework */ = {isa = PBXFileReference; lastKnownFileType = wrapper.framework; name = RxSwift.framework; path = Carthage/Build/iOS/RxSwift.framework; sourceTree = "<group>"; };
		FA90FDC11D18445100ACA9B1 /* Shakable.swift */ = {isa = PBXFileReference; fileEncoding = 4; lastKnownFileType = sourcecode.swift; path = Shakable.swift; sourceTree = "<group>"; };
		FA90FDC31D1854F700ACA9B1 /* FeedCell.xib */ = {isa = PBXFileReference; fileEncoding = 4; lastKnownFileType = file.xib; path = FeedCell.xib; sourceTree = "<group>"; };
		FA90FDC51D18552D00ACA9B1 /* UITableView+Extension.swift */ = {isa = PBXFileReference; fileEncoding = 4; lastKnownFileType = sourcecode.swift; path = "UITableView+Extension.swift"; sourceTree = "<group>"; };
		FA9309FD1C68175400A5B947 /* NotificationsViewController.swift */ = {isa = PBXFileReference; fileEncoding = 4; lastKnownFileType = sourcecode.swift; path = NotificationsViewController.swift; sourceTree = "<group>"; };
		FA9309FF1C68177300A5B947 /* Notifications.storyboard */ = {isa = PBXFileReference; fileEncoding = 4; lastKnownFileType = file.storyboard; path = Notifications.storyboard; sourceTree = "<group>"; };
		FAA79A651C649F080060E30C /* FeedParser.swift */ = {isa = PBXFileReference; fileEncoding = 4; lastKnownFileType = sourcecode.swift; path = FeedParser.swift; sourceTree = "<group>"; };
		FAA79A671C64AC460060E30C /* Feed.swift */ = {isa = PBXFileReference; fileEncoding = 4; lastKnownFileType = sourcecode.swift; path = Feed.swift; sourceTree = "<group>"; };
		FAA79A691C64D7270060E30C /* FeedCell.swift */ = {isa = PBXFileReference; fileEncoding = 4; lastKnownFileType = sourcecode.swift; path = FeedCell.swift; sourceTree = "<group>"; };
		FAA79A6D1C64E9AA0060E30C /* FeedResponse.swift */ = {isa = PBXFileReference; fileEncoding = 4; lastKnownFileType = sourcecode.swift; path = FeedResponse.swift; sourceTree = "<group>"; };
		FAA79A711C64E9CC0060E30C /* GistList.storyboard */ = {isa = PBXFileReference; fileEncoding = 4; lastKnownFileType = file.storyboard; path = GistList.storyboard; sourceTree = "<group>"; };
		FAB24B201C62390E00F51394 /* LoginViewController.swift */ = {isa = PBXFileReference; fileEncoding = 4; lastKnownFileType = sourcecode.swift; path = LoginViewController.swift; sourceTree = "<group>"; };
		FAB24B231C624DFB00F51394 /* User.swift */ = {isa = PBXFileReference; fileEncoding = 4; lastKnownFileType = sourcecode.swift; path = User.swift; sourceTree = "<group>"; };
		FAB24B251C62604200F51394 /* SessionManager.swift */ = {isa = PBXFileReference; fileEncoding = 4; lastKnownFileType = sourcecode.swift; path = SessionManager.swift; sourceTree = "<group>"; };
		FAC4C7BA1E9528E00081BA9C /* Moya.framework */ = {isa = PBXFileReference; lastKnownFileType = wrapper.framework; name = Moya.framework; path = Carthage/Build/iOS/Moya.framework; sourceTree = "<group>"; };
		FAC4C7BB1E9528E00081BA9C /* RxMoya.framework */ = {isa = PBXFileReference; lastKnownFileType = wrapper.framework; name = RxMoya.framework; path = Carthage/Build/iOS/RxMoya.framework; sourceTree = "<group>"; };
		FAFF40831C5DF47F00DD760A /* GitHubApiClient.swift */ = {isa = PBXFileReference; fileEncoding = 4; lastKnownFileType = sourcecode.swift; path = GitHubApiClient.swift; sourceTree = "<group>"; };
		FAFF40851C5DF67500DD760A /* Repository.swift */ = {isa = PBXFileReference; fileEncoding = 4; lastKnownFileType = sourcecode.swift; path = Repository.swift; sourceTree = "<group>"; };
		FAFF40871C5E06C200DD760A /* Dependencies.swift */ = {isa = PBXFileReference; fileEncoding = 4; lastKnownFileType = sourcecode.swift; path = Dependencies.swift; sourceTree = "<group>"; };
/* End PBXFileReference section */

/* Begin PBXFrameworksBuildPhase section */
		FA54B1B01C5A120C00D37363 /* Frameworks */ = {
			isa = PBXFrameworksBuildPhase;
			buildActionMask = 2147483647;
			files = (
				FA6BD2F41E912D0D00C27B64 /* Alamofire.framework in Frameworks */,
				FA6BD2F51E912D0D00C27B64 /* Gloss.framework in Frameworks */,
				FA6BD2F61E912D0D00C27B64 /* Realm.framework in Frameworks */,
				FA6BD2F71E912D0D00C27B64 /* RealmSwift.framework in Frameworks */,
				FA6BD2F81E912D0D00C27B64 /* RxCocoa.framework in Frameworks */,
				FA6BD2F91E912D0D00C27B64 /* RxSwift.framework in Frameworks */,
				FAC4C7BC1E9528E00081BA9C /* Moya.framework in Frameworks */,
				FAC4C7BD1E9528E00081BA9C /* RxMoya.framework in Frameworks */,
			);
			runOnlyForDeploymentPostprocessing = 0;
		};
		FA54B1C41C5A120C00D37363 /* Frameworks */ = {
			isa = PBXFrameworksBuildPhase;
			buildActionMask = 2147483647;
			files = (
			);
			runOnlyForDeploymentPostprocessing = 0;
		};
/* End PBXFrameworksBuildPhase section */

/* Begin PBXGroup section */
		FA0D3BDD1C5F20D3002C0307 /* Home */ = {
			isa = PBXGroup;
			children = (
				FA0D3BDE1C5F211D002C0307 /* HomeViewController.swift */,
			);
			name = Home;
			sourceTree = "<group>";
		};
		FA3C4E8C1C6818E800919956 /* Notification */ = {
			isa = PBXGroup;
			children = (
				FA9309FD1C68175400A5B947 /* NotificationsViewController.swift */,
				FA9309FF1C68177300A5B947 /* Notifications.storyboard */,
			);
			name = Notification;
			sourceTree = "<group>";
		};
		FA3C4E911C68199D00919956 /* MyPage */ = {
			isa = PBXGroup;
			children = (
				FA3C4E8D1C68192E00919956 /* MyPageViewController.swift */,
				FA3C4E8F1C68194A00919956 /* MyPage.storyboard */,
			);
			name = MyPage;
			sourceTree = "<group>";
		};
		FA54B1AA1C5A120C00D37363 = {
			isa = PBXGroup;
			children = (
				FA54B1B51C5A120C00D37363 /* githublarin */,
				FA54B1CA1C5A120C00D37363 /* githublarinTests */,
				FA54B1B41C5A120C00D37363 /* Products */,
				FA6BD2ED1E912D0D00C27B64 /* Frameworks */,
			);
			sourceTree = "<group>";
		};
		FA54B1B41C5A120C00D37363 /* Products */ = {
			isa = PBXGroup;
			children = (
				FA54B1B31C5A120C00D37363 /* githublarin.app */,
				FA54B1C71C5A120C00D37363 /* githublarinTests.xctest */,
			);
			name = Products;
			sourceTree = "<group>";
		};
		FA54B1B51C5A120C00D37363 /* githublarin */ = {
			isa = PBXGroup;
			children = (
				FA54B1B61C5A120C00D37363 /* AppDelegate.swift */,
				FA0412861C61EE7F00F5CE01 /* DetailWebView.storyboard */,
				FA210BBB1C672E160016F589 /* DetailNavigationController.swift */,
				FA210BBD1C672F820016F589 /* Animator.swift */,
				FA0412841C61EE4800F5CE01 /* DetailWebViewController.swift */,
				FAFF40891C5E06DB00DD760A /* API */,
				FAEE26481C6304480070A219 /* Feed */,
				FAEE264B1C6305260070A219 /* Gist */,
				FA0D3BDD1C5F20D3002C0307 /* Home */,
				FAB24B221C62392D00F51394 /* Login */,
				FA3C4E911C68199D00919956 /* MyPage */,
				FA3C4E8C1C6818E800919956 /* Notification */,
				FAEE26471C63042C0070A219 /* Repository */,
				FA54B1BD1C5A120C00D37363 /* Assets.xcassets */,
				FA54B1BF1C5A120C00D37363 /* LaunchScreen.storyboard */,
				FA54B1C21C5A120C00D37363 /* Info.plist */,
				FA210BBF1C6744F00016F589 /* UIColor.swift */,
				FA90FDC11D18445100ACA9B1 /* Shakable.swift */,
				FA90FDC51D18552D00ACA9B1 /* UITableView+Extension.swift */,
			);
			path = githublarin;
			sourceTree = "<group>";
		};
		FA54B1CA1C5A120C00D37363 /* githublarinTests */ = {
			isa = PBXGroup;
			children = (
				FA54B1CB1C5A120C00D37363 /* githublarinTests.swift */,
				FA54B1CD1C5A120C00D37363 /* Info.plist */,
			);
			path = githublarinTests;
			sourceTree = "<group>";
		};
		FA6BD2ED1E912D0D00C27B64 /* Frameworks */ = {
			isa = PBXGroup;
			children = (
				FAC4C7BA1E9528E00081BA9C /* Moya.framework */,
				FAC4C7BB1E9528E00081BA9C /* RxMoya.framework */,
				FA6BD2EE1E912D0D00C27B64 /* Alamofire.framework */,
				FA6BD2EF1E912D0D00C27B64 /* Gloss.framework */,
				FA6BD2F01E912D0D00C27B64 /* Realm.framework */,
				FA6BD2F11E912D0D00C27B64 /* RealmSwift.framework */,
				FA6BD2F21E912D0D00C27B64 /* RxCocoa.framework */,
				FA6BD2F31E912D0D00C27B64 /* RxSwift.framework */,
			);
			name = Frameworks;
			sourceTree = "<group>";
		};
		FAB24B221C62392D00F51394 /* Login */ = {
			isa = PBXGroup;
			children = (
				FAB24B231C624DFB00F51394 /* User.swift */,
				FAB24B201C62390E00F51394 /* LoginViewController.swift */,
				FAB24B251C62604200F51394 /* SessionManager.swift */,
			);
			name = Login;
			sourceTree = "<group>";
		};
		FAEE26471C63042C0070A219 /* Repository */ = {
			isa = PBXGroup;
			children = (
				FA54B1B81C5A120C00D37363 /* RepositoryListViewController.swift */,
				FAFF40851C5DF67500DD760A /* Repository.swift */,
				FA54B1BA1C5A120C00D37363 /* RepositoryList.storyboard */,
				FA06CFE01C5E3D6000C6341F /* RepositoryTableViewCell.swift */,
			);
			name = Repository;
			sourceTree = "<group>";
		};
		FAEE26481C6304480070A219 /* Feed */ = {
			isa = PBXGroup;
			children = (
				FAA79A671C64AC460060E30C /* Feed.swift */,
				FAA79A6D1C64E9AA0060E30C /* FeedResponse.swift */,
				FAA79A651C649F080060E30C /* FeedParser.swift */,
				FA0D3BE01C5F2168002C0307 /* FeedViewController.swift */,
				FAA79A691C64D7270060E30C /* FeedCell.swift */,
				FA90FDC31D1854F700ACA9B1 /* FeedCell.xib */,
			);
			name = Feed;
			sourceTree = "<group>";
		};
		FAEE264B1C6305260070A219 /* Gist */ = {
			isa = PBXGroup;
			children = (
				FAA79A711C64E9CC0060E30C /* GistList.storyboard */,
				FA17F9CB1C65BA8900D7741E /* GistCell.swift */,
				FA0D3BE21C5F2193002C0307 /* GistListViewController.swift */,
				FA03052E1C650540002D45A0 /* Gist.swift */,
				FA2F41191C69AD3E007971B7 /* GistsViewController.swift */,
			);
			name = Gist;
			sourceTree = "<group>";
		};
		FAFF40891C5E06DB00DD760A /* API */ = {
			isa = PBXGroup;
			children = (
				FAFF40831C5DF47F00DD760A /* GitHubApiClient.swift */,
				FAFF40871C5E06C200DD760A /* Dependencies.swift */,
			);
			name = API;
			sourceTree = "<group>";
		};
/* End PBXGroup section */

/* Begin PBXNativeTarget section */
		FA54B1B21C5A120C00D37363 /* githublarin */ = {
			isa = PBXNativeTarget;
			buildConfigurationList = FA54B1D01C5A120C00D37363 /* Build configuration list for PBXNativeTarget "githublarin" */;
			buildPhases = (
				FA54B1AF1C5A120C00D37363 /* Sources */,
				FA54B1B01C5A120C00D37363 /* Frameworks */,
				FA54B1B11C5A120C00D37363 /* Resources */,
				FA54B1D81C5A14FF00D37363 /* Carthage copy frameworks */,
			);
			buildRules = (
			);
			dependencies = (
			);
			name = githublarin;
			productName = githublarin;
			productReference = FA54B1B31C5A120C00D37363 /* githublarin.app */;
			productType = "com.apple.product-type.application";
		};
		FA54B1C61C5A120C00D37363 /* githublarinTests */ = {
			isa = PBXNativeTarget;
			buildConfigurationList = FA54B1D31C5A120C00D37363 /* Build configuration list for PBXNativeTarget "githublarinTests" */;
			buildPhases = (
				FA54B1C31C5A120C00D37363 /* Sources */,
				FA54B1C41C5A120C00D37363 /* Frameworks */,
				FA54B1C51C5A120C00D37363 /* Resources */,
			);
			buildRules = (
			);
			dependencies = (
				FA54B1C91C5A120C00D37363 /* PBXTargetDependency */,
			);
			name = githublarinTests;
			productName = githublarinTests;
			productReference = FA54B1C71C5A120C00D37363 /* githublarinTests.xctest */;
			productType = "com.apple.product-type.bundle.unit-test";
		};
/* End PBXNativeTarget section */

/* Begin PBXProject section */
		FA54B1AB1C5A120C00D37363 /* Project object */ = {
			isa = PBXProject;
			attributes = {
				LastSwiftUpdateCheck = 0720;
				LastUpgradeCheck = 0830;
				ORGANIZATIONNAME = chooblarin;
				TargetAttributes = {
					FA54B1B21C5A120C00D37363 = {
						CreatedOnToolsVersion = 7.2;
						DevelopmentTeam = H6T775QPW5;
						LastSwiftMigration = 0830;
					};
					FA54B1C61C5A120C00D37363 = {
						CreatedOnToolsVersion = 7.2;
						LastSwiftMigration = 0830;
						TestTargetID = FA54B1B21C5A120C00D37363;
					};
				};
			};
			buildConfigurationList = FA54B1AE1C5A120C00D37363 /* Build configuration list for PBXProject "githublarin" */;
			compatibilityVersion = "Xcode 3.2";
			developmentRegion = English;
			hasScannedForEncodings = 0;
			knownRegions = (
				en,
				Base,
			);
			mainGroup = FA54B1AA1C5A120C00D37363;
			productRefGroup = FA54B1B41C5A120C00D37363 /* Products */;
			projectDirPath = "";
			projectRoot = "";
			targets = (
				FA54B1B21C5A120C00D37363 /* githublarin */,
				FA54B1C61C5A120C00D37363 /* githublarinTests */,
			);
		};
/* End PBXProject section */

/* Begin PBXResourcesBuildPhase section */
		FA54B1B11C5A120C00D37363 /* Resources */ = {
			isa = PBXResourcesBuildPhase;
			buildActionMask = 2147483647;
			files = (
				FA54B1C11C5A120C00D37363 /* LaunchScreen.storyboard in Resources */,
				FA3C4E901C68194A00919956 /* MyPage.storyboard in Resources */,
				FA930A001C68177300A5B947 /* Notifications.storyboard in Resources */,
				FA0412871C61EE7F00F5CE01 /* DetailWebView.storyboard in Resources */,
				FA54B1BE1C5A120C00D37363 /* Assets.xcassets in Resources */,
				FAA79A721C64E9CC0060E30C /* GistList.storyboard in Resources */,
				FA90FDC41D1854F700ACA9B1 /* FeedCell.xib in Resources */,
				FA54B1BC1C5A120C00D37363 /* RepositoryList.storyboard in Resources */,
			);
			runOnlyForDeploymentPostprocessing = 0;
		};
		FA54B1C51C5A120C00D37363 /* Resources */ = {
			isa = PBXResourcesBuildPhase;
			buildActionMask = 2147483647;
			files = (
			);
			runOnlyForDeploymentPostprocessing = 0;
		};
/* End PBXResourcesBuildPhase section */

/* Begin PBXShellScriptBuildPhase section */
		FA54B1D81C5A14FF00D37363 /* Carthage copy frameworks */ = {
			isa = PBXShellScriptBuildPhase;
			buildActionMask = 2147483647;
			files = (
			);
			inputPaths = (
				"$(SRCROOT)/Carthage/Build/iOS/Alamofire.framework",
				"$(SRCROOT)/Carthage/Build/iOS/RxCocoa.framework",
				"$(SRCROOT)/Carthage/Build/iOS/RxSwift.framework",
				"$(SRCROOT)/Carthage/Build/iOS/Gloss.framework",
				"$(SRCROOT)/Carthage/Build/iOS/Realm.framework",
				"$(SRCROOT)/Carthage/Build/iOS/RealmSwift.framework",
				"$(SRCROOT)/Carthage/Build/iOS/Kingfisher.framework",
				"$(SRCROOT)/Carthage/Build/iOS/Moya.framework",
				"$(SRCROOT)/Carthage/Build/iOS/RxMoya.framework",
			);
			name = "Carthage copy frameworks";
			outputPaths = (
			);
			runOnlyForDeploymentPostprocessing = 0;
			shellPath = /bin/sh;
			shellScript = "/usr/local/bin/carthage copy-frameworks";
		};
/* End PBXShellScriptBuildPhase section */

/* Begin PBXSourcesBuildPhase section */
		FA54B1AF1C5A120C00D37363 /* Sources */ = {
			isa = PBXSourcesBuildPhase;
			buildActionMask = 2147483647;
			files = (
				FA210BBC1C672E160016F589 /* DetailNavigationController.swift in Sources */,
				FAFF40881C5E06C200DD760A /* Dependencies.swift in Sources */,
				FA0412851C61EE4800F5CE01 /* DetailWebViewController.swift in Sources */,
				FA90FDC61D18552D00ACA9B1 /* UITableView+Extension.swift in Sources */,
				FA03052F1C650540002D45A0 /* Gist.swift in Sources */,
				FAA79A6A1C64D7270060E30C /* FeedCell.swift in Sources */,
				FA0D3BE11C5F2168002C0307 /* FeedViewController.swift in Sources */,
				FAB24B261C62604200F51394 /* SessionManager.swift in Sources */,
				FA3C4E8E1C68192E00919956 /* MyPageViewController.swift in Sources */,
				FA210BC01C6744F00016F589 /* UIColor.swift in Sources */,
				FAFF40841C5DF47F00DD760A /* GitHubApiClient.swift in Sources */,
				FA06CFE11C5E3D6000C6341F /* RepositoryTableViewCell.swift in Sources */,
				FA0D3BDF1C5F211D002C0307 /* HomeViewController.swift in Sources */,
				FAFF40861C5DF67500DD760A /* Repository.swift in Sources */,
				FAA79A681C64AC460060E30C /* Feed.swift in Sources */,
				FA210BBE1C672F820016F589 /* Animator.swift in Sources */,
				FA17F9CC1C65BA8900D7741E /* GistCell.swift in Sources */,
				FAA79A6E1C64E9AA0060E30C /* FeedResponse.swift in Sources */,
				FAA79A661C649F080060E30C /* FeedParser.swift in Sources */,
				FA2F411A1C69AD3E007971B7 /* GistsViewController.swift in Sources */,
				FA9309FE1C68175400A5B947 /* NotificationsViewController.swift in Sources */,
				FA0D3BE31C5F2193002C0307 /* GistListViewController.swift in Sources */,
				FAB24B241C624DFC00F51394 /* User.swift in Sources */,
				FA90FDC21D18445100ACA9B1 /* Shakable.swift in Sources */,
				FA54B1B91C5A120C00D37363 /* RepositoryListViewController.swift in Sources */,
				FA54B1B71C5A120C00D37363 /* AppDelegate.swift in Sources */,
				FAB24B211C62390E00F51394 /* LoginViewController.swift in Sources */,
			);
			runOnlyForDeploymentPostprocessing = 0;
		};
		FA54B1C31C5A120C00D37363 /* Sources */ = {
			isa = PBXSourcesBuildPhase;
			buildActionMask = 2147483647;
			files = (
				FA54B1CC1C5A120C00D37363 /* githublarinTests.swift in Sources */,
			);
			runOnlyForDeploymentPostprocessing = 0;
		};
/* End PBXSourcesBuildPhase section */

/* Begin PBXTargetDependency section */
		FA54B1C91C5A120C00D37363 /* PBXTargetDependency */ = {
			isa = PBXTargetDependency;
			target = FA54B1B21C5A120C00D37363 /* githublarin */;
			targetProxy = FA54B1C81C5A120C00D37363 /* PBXContainerItemProxy */;
		};
/* End PBXTargetDependency section */

/* Begin PBXVariantGroup section */
		FA54B1BA1C5A120C00D37363 /* RepositoryList.storyboard */ = {
			isa = PBXVariantGroup;
			children = (
				FA54B1BB1C5A120C00D37363 /* Base */,
			);
			name = RepositoryList.storyboard;
			sourceTree = "<group>";
		};
		FA54B1BF1C5A120C00D37363 /* LaunchScreen.storyboard */ = {
			isa = PBXVariantGroup;
			children = (
				FA54B1C01C5A120C00D37363 /* Base */,
			);
			name = LaunchScreen.storyboard;
			sourceTree = "<group>";
		};
/* End PBXVariantGroup section */

/* Begin XCBuildConfiguration section */
		FA54B1CE1C5A120C00D37363 /* Debug */ = {
			isa = XCBuildConfiguration;
			buildSettings = {
				ALWAYS_SEARCH_USER_PATHS = NO;
				CLANG_CXX_LANGUAGE_STANDARD = "gnu++0x";
				CLANG_CXX_LIBRARY = "libc++";
				CLANG_ENABLE_MODULES = YES;
				CLANG_ENABLE_OBJC_ARC = YES;
				CLANG_WARN_BOOL_CONVERSION = YES;
				CLANG_WARN_CONSTANT_CONVERSION = YES;
				CLANG_WARN_DIRECT_OBJC_ISA_USAGE = YES_ERROR;
				CLANG_WARN_EMPTY_BODY = YES;
				CLANG_WARN_ENUM_CONVERSION = YES;
				CLANG_WARN_INFINITE_RECURSION = YES;
				CLANG_WARN_INT_CONVERSION = YES;
				CLANG_WARN_OBJC_ROOT_CLASS = YES_ERROR;
				CLANG_WARN_SUSPICIOUS_MOVE = YES;
				CLANG_WARN_UNREACHABLE_CODE = YES;
				CLANG_WARN__DUPLICATE_METHOD_MATCH = YES;
				"CODE_SIGN_IDENTITY[sdk=iphoneos*]" = "iPhone Developer";
				COPY_PHASE_STRIP = NO;
				DEBUG_INFORMATION_FORMAT = dwarf;
				ENABLE_STRICT_OBJC_MSGSEND = YES;
				ENABLE_TESTABILITY = YES;
				GCC_C_LANGUAGE_STANDARD = gnu99;
				GCC_DYNAMIC_NO_PIC = NO;
				GCC_NO_COMMON_BLOCKS = YES;
				GCC_OPTIMIZATION_LEVEL = 0;
				GCC_PREPROCESSOR_DEFINITIONS = (
					"DEBUG=1",
					"$(inherited)",
				);
				GCC_WARN_64_TO_32_BIT_CONVERSION = YES;
				GCC_WARN_ABOUT_RETURN_TYPE = YES_ERROR;
				GCC_WARN_UNDECLARED_SELECTOR = YES;
				GCC_WARN_UNINITIALIZED_AUTOS = YES_AGGRESSIVE;
				GCC_WARN_UNUSED_FUNCTION = YES;
				GCC_WARN_UNUSED_VARIABLE = YES;
				IPHONEOS_DEPLOYMENT_TARGET = 9.2;
				MTL_ENABLE_DEBUG_INFO = YES;
				ONLY_ACTIVE_ARCH = YES;
				SDKROOT = iphoneos;
				SWIFT_OPTIMIZATION_LEVEL = "-Onone";
				TARGETED_DEVICE_FAMILY = "1,2";
			};
			name = Debug;
		};
		FA54B1CF1C5A120C00D37363 /* Release */ = {
			isa = XCBuildConfiguration;
			buildSettings = {
				ALWAYS_SEARCH_USER_PATHS = NO;
				CLANG_CXX_LANGUAGE_STANDARD = "gnu++0x";
				CLANG_CXX_LIBRARY = "libc++";
				CLANG_ENABLE_MODULES = YES;
				CLANG_ENABLE_OBJC_ARC = YES;
				CLANG_WARN_BOOL_CONVERSION = YES;
				CLANG_WARN_CONSTANT_CONVERSION = YES;
				CLANG_WARN_DIRECT_OBJC_ISA_USAGE = YES_ERROR;
				CLANG_WARN_EMPTY_BODY = YES;
				CLANG_WARN_ENUM_CONVERSION = YES;
				CLANG_WARN_INFINITE_RECURSION = YES;
				CLANG_WARN_INT_CONVERSION = YES;
				CLANG_WARN_OBJC_ROOT_CLASS = YES_ERROR;
				CLANG_WARN_SUSPICIOUS_MOVE = YES;
				CLANG_WARN_UNREACHABLE_CODE = YES;
				CLANG_WARN__DUPLICATE_METHOD_MATCH = YES;
				"CODE_SIGN_IDENTITY[sdk=iphoneos*]" = "iPhone Developer";
				COPY_PHASE_STRIP = NO;
				DEBUG_INFORMATION_FORMAT = "dwarf-with-dsym";
				ENABLE_NS_ASSERTIONS = NO;
				ENABLE_STRICT_OBJC_MSGSEND = YES;
				GCC_C_LANGUAGE_STANDARD = gnu99;
				GCC_NO_COMMON_BLOCKS = YES;
				GCC_WARN_64_TO_32_BIT_CONVERSION = YES;
				GCC_WARN_ABOUT_RETURN_TYPE = YES_ERROR;
				GCC_WARN_UNDECLARED_SELECTOR = YES;
				GCC_WARN_UNINITIALIZED_AUTOS = YES_AGGRESSIVE;
				GCC_WARN_UNUSED_FUNCTION = YES;
				GCC_WARN_UNUSED_VARIABLE = YES;
				IPHONEOS_DEPLOYMENT_TARGET = 9.2;
				MTL_ENABLE_DEBUG_INFO = NO;
				SDKROOT = iphoneos;
				SWIFT_OPTIMIZATION_LEVEL = "-Owholemodule";
				TARGETED_DEVICE_FAMILY = "1,2";
				VALIDATE_PRODUCT = YES;
			};
			name = Release;
		};
		FA54B1D11C5A120C00D37363 /* Debug */ = {
			isa = XCBuildConfiguration;
			buildSettings = {
				ASSETCATALOG_COMPILER_APPICON_NAME = AppIcon;
				DEVELOPMENT_TEAM = H6T775QPW5;
				FRAMEWORK_SEARCH_PATHS = (
					"$(inherited)",
					"$(PROJECT_DIR)/Carthage/Build/iOS",
				);
				INFOPLIST_FILE = githublarin/Info.plist;
				IPHONEOS_DEPLOYMENT_TARGET = 9.0;
				LD_RUNPATH_SEARCH_PATHS = "$(inherited) @executable_path/Frameworks";
				PRODUCT_BUNDLE_IDENTIFIER = com.chooblarin.githublarin;
				PRODUCT_NAME = "$(TARGET_NAME)";
				SWIFT_VERSION = 3.0;
				TARGETED_DEVICE_FAMILY = 1;
			};
			name = Debug;
		};
		FA54B1D21C5A120C00D37363 /* Release */ = {
			isa = XCBuildConfiguration;
			buildSettings = {
				ASSETCATALOG_COMPILER_APPICON_NAME = AppIcon;
				DEVELOPMENT_TEAM = H6T775QPW5;
				FRAMEWORK_SEARCH_PATHS = (
					"$(inherited)",
					"$(PROJECT_DIR)/Carthage/Build/iOS",
				);
				INFOPLIST_FILE = githublarin/Info.plist;
				IPHONEOS_DEPLOYMENT_TARGET = 9.0;
				LD_RUNPATH_SEARCH_PATHS = "$(inherited) @executable_path/Frameworks";
				PRODUCT_BUNDLE_IDENTIFIER = com.chooblarin.githublarin;
				PRODUCT_NAME = "$(TARGET_NAME)";
				SWIFT_VERSION = 3.0;
				TARGETED_DEVICE_FAMILY = 1;
			};
			name = Release;
		};
		FA54B1D41C5A120C00D37363 /* Debug */ = {
			isa = XCBuildConfiguration;
			buildSettings = {
				BUNDLE_LOADER = "$(TEST_HOST)";
				INFOPLIST_FILE = githublarinTests/Info.plist;
				LD_RUNPATH_SEARCH_PATHS = "$(inherited) @executable_path/Frameworks @loader_path/Frameworks";
				PRODUCT_BUNDLE_IDENTIFIER = com.chooblarin.githublarinTests;
				PRODUCT_NAME = "$(TARGET_NAME)";
				SWIFT_VERSION = 3.0;
				TEST_HOST = "$(BUILT_PRODUCTS_DIR)/githublarin.app/githublarin";
			};
			name = Debug;
		};
		FA54B1D51C5A120C00D37363 /* Release */ = {
			isa = XCBuildConfiguration;
			buildSettings = {
				BUNDLE_LOADER = "$(TEST_HOST)";
				INFOPLIST_FILE = githublarinTests/Info.plist;
				LD_RUNPATH_SEARCH_PATHS = "$(inherited) @executable_path/Frameworks @loader_path/Frameworks";
				PRODUCT_BUNDLE_IDENTIFIER = com.chooblarin.githublarinTests;
				PRODUCT_NAME = "$(TARGET_NAME)";
				SWIFT_VERSION = 3.0;
				TEST_HOST = "$(BUILT_PRODUCTS_DIR)/githublarin.app/githublarin";
			};
			name = Release;
		};
/* End XCBuildConfiguration section */

/* Begin XCConfigurationList section */
		FA54B1AE1C5A120C00D37363 /* Build configuration list for PBXProject "githublarin" */ = {
			isa = XCConfigurationList;
			buildConfigurations = (
				FA54B1CE1C5A120C00D37363 /* Debug */,
				FA54B1CF1C5A120C00D37363 /* Release */,
			);
			defaultConfigurationIsVisible = 0;
			defaultConfigurationName = Release;
		};
		FA54B1D01C5A120C00D37363 /* Build configuration list for PBXNativeTarget "githublarin" */ = {
			isa = XCConfigurationList;
			buildConfigurations = (
				FA54B1D11C5A120C00D37363 /* Debug */,
				FA54B1D21C5A120C00D37363 /* Release */,
			);
			defaultConfigurationIsVisible = 0;
			defaultConfigurationName = Release;
		};
		FA54B1D31C5A120C00D37363 /* Build configuration list for PBXNativeTarget "githublarinTests" */ = {
			isa = XCConfigurationList;
			buildConfigurations = (
				FA54B1D41C5A120C00D37363 /* Debug */,
				FA54B1D51C5A120C00D37363 /* Release */,
			);
			defaultConfigurationIsVisible = 0;
			defaultConfigurationName = Release;
		};
/* End XCConfigurationList section */
	};
	rootObject = FA54B1AB1C5A120C00D37363 /* Project object */;
}
